
Microsoft Visual Studio Solution File, Format Version 12.00
# Visual Studio Version 17
VisualStudioVersion = 17.4.33122.133
MinimumVisualStudioVersion = 10.0.40219.1
Project("{9A19103F-16F7-4668-BE54-9A1E7A4F7556}") = "app-dotnet", "app-dotnet.csproj", "{4600FD8D-E788-4979-B1B9-C9296A8333AD}"
EndProject
Global
	GlobalSection(SolutionConfigurationPlatforms) = preSolution
		Debug|Any CPU = Debug|Any CPU
		Release|Any CPU = Release|Any CPU
	EndGlobalSection
	GlobalSection(ProjectConfigurationPlatforms) = postSolution
		{4600FD8D-E788-4979-B1B9-C9296A8333AD}.Debug|Any CPU.ActiveCfg = Debug|Any CPU
		{4600FD8D-E788-4979-B1B9-C9296A8333AD}.Debug|Any CPU.Build.0 = Debug|Any CPU
		{4600FD8D-E788-4979-B1B9-C9296A8333AD}.Release|Any CPU.ActiveCfg = Release|Any CPU
		{4600FD8D-E788-4979-B1B9-C9296A8333AD}.Release|Any CPU.Build.0 = Release|Any CPU
	EndGlobalSection
	GlobalSection(SolutionProperties) = preSolution
		HideSolutionNode = FALSE
	EndGlobalSection
	GlobalSection(ExtensibilityGlobals) = postSolution
		SolutionGuid = {DB66438C-4B42-4551-BCBC-5E75CD7F6B34}
	EndGlobalSection
EndGlobal
